
Microsoft Visual Studio Solution File, Format Version 12.00
Project("{FAE04EC0-301F-11D3-BF4B-00C04F79EFBC}") = "MauiApp4", "MauiApp4\MauiApp4.csproj", "{346175C6-DDBE-4556-83EC-5D3AB10ECA03}"
EndProject
Global
	GlobalSection(SolutionConfigurationPlatforms) = preSolution
		Debug|Any CPU = Debug|Any CPU
		Release|Any CPU = Release|Any CPU
	EndGlobalSection
	GlobalSection(ProjectConfigurationPlatforms) = postSolution
		{346175C6-DDBE-4556-83EC-5D3AB10ECA03}.Debug|Any CPU.ActiveCfg = Debug|Any CPU
		{346175C6-DDBE-4556-83EC-5D3AB10ECA03}.Debug|Any CPU.Build.0 = Debug|Any CPU
		{346175C6-DDBE-4556-83EC-5D3AB10ECA03}.Release|Any CPU.ActiveCfg = Release|Any CPU
		{346175C6-DDBE-4556-83EC-5D3AB10ECA03}.Release|Any CPU.Build.0 = Release|Any CPU
	EndGlobalSection
EndGlobal
